# @generated by Move, please check-in and do not edit manually.

[move]
version = 3
manifest_digest = "1CB1333A1C3ED156F81FAA0C2965C40EEC2EDAC89C6F616DDC5537A48EF4E09E"
deps_digest = "F8BBB0CCB2491CA29A3DF03D6F92277A4F3574266507ACD77214D37ECA3F3082"
dependencies = [
  { id = "Sui", name = "Sui" },
]

[[move.package]]
id = "MoveStdlib"
source = { git = "https://github.com/MystenLabs/sui.git", rev = "framework/testnet", subdir = "crates/sui-framework/packages/move-stdlib" }

[[move.package]]
id = "Sui"
source = { git = "https://github.com/MystenLabs/sui.git", rev = "framework/testnet", subdir = "crates/sui-framework/packages/sui-framework" }

dependencies = [
  { id = "MoveStdlib", name = "MoveStdlib" },
]

[move.toolchain-version]
compiler-version = "1.51.2"
edition = "2024.beta"
flavor = "sui"

[env]

[env.testnet]
chain-id = "4c78adac"
original-published-id = "0x312ffd6d30c8e7c3bd3a2d369fcab323bcd05a7ad3509d189b8f7abcd26662fa"
latest-published-id = "0x312ffd6d30c8e7c3bd3a2d369fcab323bcd05a7ad3509d189b8f7abcd26662fa"
published-version = "1"
